
Microsoft Visual Studio Solution File, Format Version 12.00
# Visual Studio Version 17
VisualStudioVersion = 17.4.33122.133
MinimumVisualStudioVersion = 10.0.40219.1
Project("{FAE04EC0-301F-11D3-BF4B-00C04F79EFBC}") = "Lab calculator", "Lab calculator\Lab calculator.csproj", "{951D4AD2-EA7C-4EE4-A8BE-89D0C35F598F}"
EndProject
Global
	GlobalSection(SolutionConfigurationPlatforms) = preSolution
		Debug|Any CPU = Debug|Any CPU
		Release|Any CPU = Release|Any CPU
	EndGlobalSection
	GlobalSection(ProjectConfigurationPlatforms) = postSolution
		{951D4AD2-EA7C-4EE4-A8BE-89D0C35F598F}.Debug|Any CPU.ActiveCfg = Debug|Any CPU
		{951D4AD2-EA7C-4EE4-A8BE-89D0C35F598F}.Debug|Any CPU.Build.0 = Debug|Any CPU
		{951D4AD2-EA7C-4EE4-A8BE-89D0C35F598F}.Release|Any CPU.ActiveCfg = Release|Any CPU
		{951D4AD2-EA7C-4EE4-A8BE-89D0C35F598F}.Release|Any CPU.Build.0 = Release|Any CPU
	EndGlobalSection
	GlobalSection(SolutionProperties) = preSolution
		HideSolutionNode = FALSE
	EndGlobalSection
	GlobalSection(ExtensibilityGlobals) = postSolution
		SolutionGuid = {2D2232EA-6A12-4B21-810A-EC4645B41ED9}
	EndGlobalSection
EndGlobal
